// !$*UTF8*$!
{
	archiveVersion = 1;
	classes = {
	};
	objectVersion = 46;
	objects = {

/* Begin PBXBuildFile section */
		315AF4E31BDA982F003D1F21 /* problem1.cpp in Sources */ = {isa = PBXBuildFile; fileRef = 315AF4E21BDA982F003D1F21 /* problem1.cpp */; };
		315AF4EA1BDA994B003D1F21 /* problem2NotAnswered.cpp in Sources */ = {isa = PBXBuildFile; fileRef = 315AF4E91BDA994B003D1F21 /* problem2NotAnswered.cpp */; settings = {ASSET_TAGS = (); }; };
		315AF4EC1BDA9B5D003D1F21 /* problem3NotAnswered.cpp in Sources */ = {isa = PBXBuildFile; fileRef = 315AF4EB1BDA9B5D003D1F21 /* problem3NotAnswered.cpp */; settings = {ASSET_TAGS = (); }; };
		315AF4EE1BDA9E0A003D1F21 /* problem9.cpp in Sources */ = {isa = PBXBuildFile; fileRef = 315AF4ED1BDA9E0A003D1F21 /* problem9.cpp */; settings = {ASSET_TAGS = (); }; };
		315AF4F01BDA9FC7003D1F21 /* problem12.cpp in Sources */ = {isa = PBXBuildFile; fileRef = 315AF4EF1BDA9FC7003D1F21 /* problem12.cpp */; settings = {ASSET_TAGS = (); }; };
/* End PBXBuildFile section */

/* Begin PBXCopyFilesBuildPhase section */
		315AF4DD1BDA982F003D1F21 /* CopyFiles */ = {
			isa = PBXCopyFilesBuildPhase;
			buildActionMask = 2147483647;
			dstPath = /usr/share/man/man1/;
			dstSubfolderSpec = 0;
			files = (
			);
			runOnlyForDeploymentPostprocessing = 1;
		};
/* End PBXCopyFilesBuildPhase section */

/* Begin PBXFileReference section */
		315AF4DF1BDA982F003D1F21 /* projecteuler_1 */ = {isa = PBXFileReference; explicitFileType = "compiled.mach-o.executable"; includeInIndex = 0; path = projecteuler_1; sourceTree = BUILT_PRODUCTS_DIR; };
		315AF4E21BDA982F003D1F21 /* problem1.cpp */ = {isa = PBXFileReference; lastKnownFileType = sourcecode.cpp.cpp; path = problem1.cpp; sourceTree = "<group>"; };
		315AF4E91BDA994B003D1F21 /* problem2NotAnswered.cpp */ = {isa = PBXFileReference; fileEncoding = 4; lastKnownFileType = sourcecode.cpp.cpp; path = problem2NotAnswered.cpp; sourceTree = "<group>"; };
		315AF4EB1BDA9B5D003D1F21 /* problem3NotAnswered.cpp */ = {isa = PBXFileReference; fileEncoding = 4; lastKnownFileType = sourcecode.cpp.cpp; path = problem3NotAnswered.cpp; sourceTree = "<group>"; };
		315AF4ED1BDA9E0A003D1F21 /* problem9.cpp */ = {isa = PBXFileReference; fileEncoding = 4; lastKnownFileType = sourcecode.cpp.cpp; path = problem9.cpp; sourceTree = "<group>"; };
		315AF4EF1BDA9FC7003D1F21 /* problem12.cpp */ = {isa = PBXFileReference; fileEncoding = 4; lastKnownFileType = sourcecode.cpp.cpp; path = problem12.cpp; sourceTree = "<group>"; };
/* End PBXFileReference section */

/* Begin PBXFrameworksBuildPhase section */
		315AF4DC1BDA982F003D1F21 /* Frameworks */ = {
			isa = PBXFrameworksBuildPhase;
			buildActionMask = 2147483647;
			files = (
			);
			runOnlyForDeploymentPostprocessing = 0;
		};
/* End PBXFrameworksBuildPhase section */

/* Begin PBXGroup section */
		315AF4D61BDA982F003D1F21 = {
			isa = PBXGroup;
			children = (
				315AF4E11BDA982F003D1F21 /* projecteuler_1 */,
				315AF4E01BDA982F003D1F21 /* Products */,
			);
			sourceTree = "<group>";
		};
		315AF4E01BDA982F003D1F21 /* Products */ = {
			isa = PBXGroup;
			children = (
				315AF4DF1BDA982F003D1F21 /* projecteuler_1 */,
			);
			name = Products;
			sourceTree = "<group>";
		};
		315AF4E11BDA982F003D1F21 /* projecteuler_1 */ = {
			isa = PBXGroup;
			children = (
				315AF4E21BDA982F003D1F21 /* problem1.cpp */,
				315AF4E91BDA994B003D1F21 /* problem2NotAnswered.cpp */,
				315AF4EB1BDA9B5D003D1F21 /* problem3NotAnswered.cpp */,
				315AF4ED1BDA9E0A003D1F21 /* problem9.cpp */,
				315AF4EF1BDA9FC7003D1F21 /* problem12.cpp */,
			);
			path = projecteuler_1;
			sourceTree = "<group>";
		};
/* End PBXGroup section */

/* Begin PBXNativeTarget section */
		315AF4DE1BDA982F003D1F21 /* projecteuler_1 */ = {
			isa = PBXNativeTarget;
			buildConfigurationList = 315AF4E61BDA982F003D1F21 /* Build configuration list for PBXNativeTarget "projecteuler_1" */;
			buildPhases = (
				315AF4DB1BDA982F003D1F21 /* Sources */,
				315AF4DC1BDA982F003D1F21 /* Frameworks */,
				315AF4DD1BDA982F003D1F21 /* CopyFiles */,
			);
			buildRules = (
			);
			dependencies = (
			);
			name = projecteuler_1;
			productName = projecteuler_1;
			productReference = 315AF4DF1BDA982F003D1F21 /* projecteuler_1 */;
			productType = "com.apple.product-type.tool";
		};
/* End PBXNativeTarget section */

/* Begin PBXProject section */
		315AF4D71BDA982F003D1F21 /* Project object */ = {
			isa = PBXProject;
			attributes = {
				LastUpgradeCheck = 0700;
				ORGANIZATIONNAME = "Nikhil Jain";
				TargetAttributes = {
					315AF4DE1BDA982F003D1F21 = {
						CreatedOnToolsVersion = 7.0.1;
					};
				};
			};
			buildConfigurationList = 315AF4DA1BDA982F003D1F21 /* Build configuration list for PBXProject "projecteuler_1" */;
			compatibilityVersion = "Xcode 3.2";
			developmentRegion = English;
			hasScannedForEncodings = 0;
			knownRegions = (
				en,
			);
			mainGroup = 315AF4D61BDA982F003D1F21;
			productRefGroup = 315AF4E01BDA982F003D1F21 /* Products */;
			projectDirPath = "";
			projectRoot = "";
			targets = (
				315AF4DE1BDA982F003D1F21 /* projecteuler_1 */,
			);
		};
/* End PBXProject section */

/* Begin PBXSourcesBuildPhase section */
		315AF4DB1BDA982F003D1F21 /* Sources */ = {
			isa = PBXSourcesBuildPhase;
			buildActionMask = 2147483647;
			files = (
				315AF4EC1BDA9B5D003D1F21 /* problem3NotAnswered.cpp in Sources */,
				315AF4EA1BDA994B003D1F21 /* problem2NotAnswered.cpp in Sources */,
				315AF4E31BDA982F003D1F21 /* problem1.cpp in Sources */,
				315AF4F01BDA9FC7003D1F21 /* problem12.cpp in Sources */,
				315AF4EE1BDA9E0A003D1F21 /* problem9.cpp in Sources */,
			);
			runOnlyForDeploymentPostprocessing = 0;
		};
/* End PBXSourcesBuildPhase section */

/* Begin XCBuildConfiguration section */
		315AF4E41BDA982F003D1F21 /* Debug */ = {
			isa = XCBuildConfiguration;
			buildSettings = {
				ALWAYS_SEARCH_USER_PATHS = NO;
				CLANG_CXX_LANGUAGE_STANDARD = "gnu++0x";
				CLANG_CXX_LIBRARY = "libc++";
				CLANG_ENABLE_MODULES = YES;
				CLANG_ENABLE_OBJC_ARC = YES;
				CLANG_WARN_BOOL_CONVERSION = YES;
				CLANG_WARN_CONSTANT_CONVERSION = YES;
				CLANG_WARN_DIRECT_OBJC_ISA_USAGE = YES_ERROR;
				CLANG_WARN_EMPTY_BODY = YES;
				CLANG_WARN_ENUM_CONVERSION = YES;
				CLANG_WARN_INT_CONVERSION = YES;
				CLANG_WARN_OBJC_ROOT_CLASS = YES_ERROR;
				CLANG_WARN_UNREACHABLE_CODE = YES;
				CLANG_WARN__DUPLICATE_METHOD_MATCH = YES;
				COPY_PHASE_STRIP = NO;
				DEBUG_INFORMATION_FORMAT = dwarf;
				ENABLE_STRICT_OBJC_MSGSEND = YES;
				ENABLE_TESTABILITY = YES;
				GCC_C_LANGUAGE_STANDARD = gnu99;
				GCC_DYNAMIC_NO_PIC = NO;
				GCC_NO_COMMON_BLOCKS = YES;
				GCC_OPTIMIZATION_LEVEL = 0;
				GCC_PREPROCESSOR_DEFINITIONS = (
					"DEBUG=1",
					"$(inherited)",
				);
				GCC_WARN_64_TO_32_BIT_CONVERSION = YES;
				GCC_WARN_ABOUT_RETURN_TYPE = YES_ERROR;
				GCC_WARN_UNDECLARED_SELECTOR = YES;
				GCC_WARN_UNINITIALIZED_AUTOS = YES_AGGRESSIVE;
				GCC_WARN_UNUSED_FUNCTION = YES;
				GCC_WARN_UNUSED_VARIABLE = YES;
				MACOSX_DEPLOYMENT_TARGET = 10.11;
				MTL_ENABLE_DEBUG_INFO = YES;
				ONLY_ACTIVE_ARCH = YES;
				SDKROOT = macosx;
			};
			name = Debug;
		};
		315AF4E51BDA982F003D1F21 /* Release */ = {
			isa = XCBuildConfiguration;
			buildSettings = {
				ALWAYS_SEARCH_USER_PATHS = NO;
				CLANG_CXX_LANGUAGE_STANDARD = "gnu++0x";
				CLANG_CXX_LIBRARY = "libc++";
				CLANG_ENABLE_MODULES = YES;
				CLANG_ENABLE_OBJC_ARC = YES;
				CLANG_WARN_BOOL_CONVERSION = YES;
				CLANG_WARN_CONSTANT_CONVERSION = YES;
				CLANG_WARN_DIRECT_OBJC_ISA_USAGE = YES_ERROR;
				CLANG_WARN_EMPTY_BODY = YES;
				CLANG_WARN_ENUM_CONVERSION = YES;
				CLANG_WARN_INT_CONVERSION = YES;
				CLANG_WARN_OBJC_ROOT_CLASS = YES_ERROR;
				CLANG_WARN_UNREACHABLE_CODE = YES;
				CLANG_WARN__DUPLICATE_METHOD_MATCH = YES;
				COPY_PHASE_STRIP = NO;
				DEBUG_INFORMATION_FORMAT = "dwarf-with-dsym";
				ENABLE_NS_ASSERTIONS = NO;
				ENABLE_STRICT_OBJC_MSGSEND = YES;
				GCC_C_LANGUAGE_STANDARD = gnu99;
				GCC_NO_COMMON_BLOCKS = YES;
				GCC_WARN_64_TO_32_BIT_CONVERSION = YES;
				GCC_WARN_ABOUT_RETURN_TYPE = YES_ERROR;
				GCC_WARN_UNDECLARED_SELECTOR = YES;
				GCC_WARN_UNINITIALIZED_AUTOS = YES_AGGRESSIVE;
				GCC_WARN_UNUSED_FUNCTION = YES;
				GCC_WARN_UNUSED_VARIABLE = YES;
				MACOSX_DEPLOYMENT_TARGET = 10.11;
				MTL_ENABLE_DEBUG_INFO = NO;
				SDKROOT = macosx;
			};
			name = Release;
		};
		315AF4E71BDA982F003D1F21 /* Debug */ = {
			isa = XCBuildConfiguration;
			buildSettings = {
				PRODUCT_NAME = "$(TARGET_NAME)";
			};
			name = Debug;
		};
		315AF4E81BDA982F003D1F21 /* Release */ = {
			isa = XCBuildConfiguration;
			buildSettings = {
				PRODUCT_NAME = "$(TARGET_NAME)";
			};
			name = Release;
		};
/* End XCBuildConfiguration section */

/* Begin XCConfigurationList section */
		315AF4DA1BDA982F003D1F21 /* Build configuration list for PBXProject "projecteuler_1" */ = {
			isa = XCConfigurationList;
			buildConfigurations = (
				315AF4E41BDA982F003D1F21 /* Debug */,
				315AF4E51BDA982F003D1F21 /* Release */,
			);
			defaultConfigurationIsVisible = 0;
			defaultConfigurationName = Release;
		};
		315AF4E61BDA982F003D1F21 /* Build configuration list for PBXNativeTarget "projecteuler_1" */ = {
			isa = XCConfigurationList;
			buildConfigurations = (
				315AF4E71BDA982F003D1F21 /* Debug */,
				315AF4E81BDA982F003D1F21 /* Release */,
			);
			defaultConfigurationIsVisible = 0;
			defaultConfigurationName = Release;
		};
/* End XCConfigurationList section */
	};
	rootObject = 315AF4D71BDA982F003D1F21 /* Project object */;
}
